
Microsoft Visual Studio Solution File, Format Version 12.00
# Visual Studio 15
VisualStudioVersion = 15.0.28307.438
MinimumVisualStudioVersion = 10.0.40219.1
Project("{FAE04EC0-301F-11D3-BF4B-00C04F79EFBC}") = "ExamenFinal", "ExamenFinal\ExamenFinal.csproj", "{777097AE-4BDC-480B-8514-D9214D248FCB}"
EndProject
Global
	GlobalSection(SolutionConfigurationPlatforms) = preSolution
		Debug|Any CPU = Debug|Any CPU
		Release|Any CPU = Release|Any CPU
	EndGlobalSection
	GlobalSection(ProjectConfigurationPlatforms) = postSolution
		{777097AE-4BDC-480B-8514-D9214D248FCB}.Debug|Any CPU.ActiveCfg = Debug|Any CPU
		{777097AE-4BDC-480B-8514-D9214D248FCB}.Debug|Any CPU.Build.0 = Debug|Any CPU
		{777097AE-4BDC-480B-8514-D9214D248FCB}.Release|Any CPU.ActiveCfg = Release|Any CPU
		{777097AE-4BDC-480B-8514-D9214D248FCB}.Release|Any CPU.Build.0 = Release|Any CPU
	EndGlobalSection
	GlobalSection(SolutionProperties) = preSolution
		HideSolutionNode = FALSE
	EndGlobalSection
	GlobalSection(ExtensibilityGlobals) = postSolution
		SolutionGuid = {20CCB26E-A279-4D8C-BA0E-25476FA9870B}
	EndGlobalSection
EndGlobal
